PODS:
  - Macaw (0.9.9):
    - SWXMLHash
  - SVGView (1.0.3)
  - SWXMLHash (6.0.0)

DEPENDENCIES:
  - Macaw
  - SVGView (from `../SVGView/`)

SPEC REPOS:
  trunk:
    - Macaw
    - SWXMLHash

EXTERNAL SOURCES:
  SVGView:
    :path: "../SVGView/"

SPEC CHECKSUMS:
  Macaw: d683339ff44d49c16776ec2bde7aecfd4ba2a3a4
  SVGView: 1913be6a7ba0539069ca31f4606aed71f4fb46e2
  SWXMLHash: 9d851ed3edf48ec2bd0db98f0cda0ad4136d75e3

PODFILE CHECKSUM: 2f481efa943e07d42fad82242ec9b4b944743f16

COCOAPODS: 1.11.0
